// !$*UTF8*$!
{
	archiveVersion = 1;
	classes = {
	};
	objectVersion = 56;
	objects = {

/* Begin PBXBuildFile section */
		59C07B9B3EF303976591579F /* Pods_RAWG.framework in Frameworks */ = {isa = PBXBuildFile; fileRef = A18137E84D336E09676C0919 /* Pods_RAWG.framework */; };
		753F89422A5BE487005B6CC3 /* GamesService.swift in Sources */ = {isa = PBXBuildFile; fileRef = 753F89412A5BE487005B6CC3 /* GamesService.swift */; };
		753F89452A5BE4BA005B6CC3 /* GameResponse.swift in Sources */ = {isa = PBXBuildFile; fileRef = 753F89442A5BE4BA005B6CC3 /* GameResponse.swift */; };
		753F89472A5BE4DF005B6CC3 /* Game.swift in Sources */ = {isa = PBXBuildFile; fileRef = 753F89462A5BE4DF005B6CC3 /* Game.swift */; };
		753F89492A5BE4FB005B6CC3 /* Genre.swift in Sources */ = {isa = PBXBuildFile; fileRef = 753F89482A5BE4FB005B6CC3 /* Genre.swift */; };
		753F894B2A5BE536005B6CC3 /* GameDetail.swift in Sources */ = {isa = PBXBuildFile; fileRef = 753F894A2A5BE536005B6CC3 /* GameDetail.swift */; };
		758E42682A5DB0D7004DC3D4 /* GamesServiceProtocol.swift in Sources */ = {isa = PBXBuildFile; fileRef = 758E42672A5DB0D7004DC3D4 /* GamesServiceProtocol.swift */; };
		758E426D2A5DB53D004DC3D4 /* GamesViewController.swift in Sources */ = {isa = PBXBuildFile; fileRef = 758E426C2A5DB53D004DC3D4 /* GamesViewController.swift */; };
		758E426F2A5DB55F004DC3D4 /* FavoritesViewController.swift in Sources */ = {isa = PBXBuildFile; fileRef = 758E426E2A5DB55F004DC3D4 /* FavoritesViewController.swift */; };
		758E42732A5DB93B004DC3D4 /* GameCellView.swift in Sources */ = {isa = PBXBuildFile; fileRef = 758E42722A5DB93B004DC3D4 /* GameCellView.swift */; };
		758E42752A5DBD8C004DC3D4 /* GameDetailViewController.swift in Sources */ = {isa = PBXBuildFile; fileRef = 758E42742A5DBD8C004DC3D4 /* GameDetailViewController.swift */; };
		7595FAE12A582FBA007D5BBC /* AppDelegate.swift in Sources */ = {isa = PBXBuildFile; fileRef = 7595FAE02A582FBA007D5BBC /* AppDelegate.swift */; };
		7595FAE32A582FBA007D5BBC /* SceneDelegate.swift in Sources */ = {isa = PBXBuildFile; fileRef = 7595FAE22A582FBA007D5BBC /* SceneDelegate.swift */; };
		7595FAE52A582FBA007D5BBC /* MainViewController.swift in Sources */ = {isa = PBXBuildFile; fileRef = 7595FAE42A582FBA007D5BBC /* MainViewController.swift */; };
		7595FAE82A582FBA007D5BBC /* Main.storyboard in Resources */ = {isa = PBXBuildFile; fileRef = 7595FAE62A582FBA007D5BBC /* Main.storyboard */; };
		7595FAEA2A582FBA007D5BBC /* Assets.xcassets in Resources */ = {isa = PBXBuildFile; fileRef = 7595FAE92A582FBA007D5BBC /* Assets.xcassets */; };
		7595FAED2A582FBA007D5BBC /* LaunchScreen.storyboard in Resources */ = {isa = PBXBuildFile; fileRef = 7595FAEB2A582FBA007D5BBC /* LaunchScreen.storyboard */; };
/* End PBXBuildFile section */

/* Begin PBXFileReference section */
		753F89412A5BE487005B6CC3 /* GamesService.swift */ = {isa = PBXFileReference; lastKnownFileType = sourcecode.swift; path = GamesService.swift; sourceTree = "<group>"; };
		753F89442A5BE4BA005B6CC3 /* GameResponse.swift */ = {isa = PBXFileReference; lastKnownFileType = sourcecode.swift; path = GameResponse.swift; sourceTree = "<group>"; };
		753F89462A5BE4DF005B6CC3 /* Game.swift */ = {isa = PBXFileReference; lastKnownFileType = sourcecode.swift; path = Game.swift; sourceTree = "<group>"; };
		753F89482A5BE4FB005B6CC3 /* Genre.swift */ = {isa = PBXFileReference; lastKnownFileType = sourcecode.swift; path = Genre.swift; sourceTree = "<group>"; };
		753F894A2A5BE536005B6CC3 /* GameDetail.swift */ = {isa = PBXFileReference; lastKnownFileType = sourcecode.swift; path = GameDetail.swift; sourceTree = "<group>"; };
		758E42672A5DB0D7004DC3D4 /* GamesServiceProtocol.swift */ = {isa = PBXFileReference; lastKnownFileType = sourcecode.swift; path = GamesServiceProtocol.swift; sourceTree = "<group>"; };
		758E426C2A5DB53D004DC3D4 /* GamesViewController.swift */ = {isa = PBXFileReference; lastKnownFileType = sourcecode.swift; path = GamesViewController.swift; sourceTree = "<group>"; };
		758E426E2A5DB55F004DC3D4 /* FavoritesViewController.swift */ = {isa = PBXFileReference; lastKnownFileType = sourcecode.swift; path = FavoritesViewController.swift; sourceTree = "<group>"; };
		758E42722A5DB93B004DC3D4 /* GameCellView.swift */ = {isa = PBXFileReference; lastKnownFileType = sourcecode.swift; path = GameCellView.swift; sourceTree = "<group>"; };
		758E42742A5DBD8C004DC3D4 /* GameDetailViewController.swift */ = {isa = PBXFileReference; lastKnownFileType = sourcecode.swift; path = GameDetailViewController.swift; sourceTree = "<group>"; };
		7595FADD2A582FBA007D5BBC /* RAWG.app */ = {isa = PBXFileReference; explicitFileType = wrapper.application; includeInIndex = 0; path = RAWG.app; sourceTree = BUILT_PRODUCTS_DIR; };
		7595FAE02A582FBA007D5BBC /* AppDelegate.swift */ = {isa = PBXFileReference; lastKnownFileType = sourcecode.swift; path = AppDelegate.swift; sourceTree = "<group>"; };
		7595FAE22A582FBA007D5BBC /* SceneDelegate.swift */ = {isa = PBXFileReference; lastKnownFileType = sourcecode.swift; path = SceneDelegate.swift; sourceTree = "<group>"; };
		7595FAE42A582FBA007D5BBC /* MainViewController.swift */ = {isa = PBXFileReference; lastKnownFileType = sourcecode.swift; path = MainViewController.swift; sourceTree = "<group>"; };
		7595FAE72A582FBA007D5BBC /* Base */ = {isa = PBXFileReference; lastKnownFileType = file.storyboard; name = Base; path = Base.lproj/Main.storyboard; sourceTree = "<group>"; };
		7595FAE92A582FBA007D5BBC /* Assets.xcassets */ = {isa = PBXFileReference; lastKnownFileType = folder.assetcatalog; path = Assets.xcassets; sourceTree = "<group>"; };
		7595FAEC2A582FBA007D5BBC /* Base */ = {isa = PBXFileReference; lastKnownFileType = file.storyboard; name = Base; path = Base.lproj/LaunchScreen.storyboard; sourceTree = "<group>"; };
		7595FAEE2A582FBA007D5BBC /* Info.plist */ = {isa = PBXFileReference; lastKnownFileType = text.plist.xml; path = Info.plist; sourceTree = "<group>"; };
		7C2AC6C3AFD695DD8588D461 /* Pods-RAWG.debug.xcconfig */ = {isa = PBXFileReference; includeInIndex = 1; lastKnownFileType = text.xcconfig; name = "Pods-RAWG.debug.xcconfig"; path = "Target Support Files/Pods-RAWG/Pods-RAWG.debug.xcconfig"; sourceTree = "<group>"; };
		A18137E84D336E09676C0919 /* Pods_RAWG.framework */ = {isa = PBXFileReference; explicitFileType = wrapper.framework; includeInIndex = 0; path = Pods_RAWG.framework; sourceTree = BUILT_PRODUCTS_DIR; };
		E92761DBFAB862E5DF4D8962 /* Pods-RAWG.release.xcconfig */ = {isa = PBXFileReference; includeInIndex = 1; lastKnownFileType = text.xcconfig; name = "Pods-RAWG.release.xcconfig"; path = "Target Support Files/Pods-RAWG/Pods-RAWG.release.xcconfig"; sourceTree = "<group>"; };
/* End PBXFileReference section */

/* Begin PBXFrameworksBuildPhase section */
		7595FADA2A582FBA007D5BBC /* Frameworks */ = {
			isa = PBXFrameworksBuildPhase;
			buildActionMask = 2147483647;
			files = (
				59C07B9B3EF303976591579F /* Pods_RAWG.framework in Frameworks */,
			);
			runOnlyForDeploymentPostprocessing = 0;
		};
/* End PBXFrameworksBuildPhase section */

/* Begin PBXGroup section */
		1F4F85945C84F5A09A62DAE5 /* Pods */ = {
			isa = PBXGroup;
			children = (
				7C2AC6C3AFD695DD8588D461 /* Pods-RAWG.debug.xcconfig */,
				E92761DBFAB862E5DF4D8962 /* Pods-RAWG.release.xcconfig */,
			);
			path = Pods;
			sourceTree = "<group>";
		};
		753F89402A5BE452005B6CC3 /* Network */ = {
			isa = PBXGroup;
			children = (
				753F89412A5BE487005B6CC3 /* GamesService.swift */,
				758E42672A5DB0D7004DC3D4 /* GamesServiceProtocol.swift */,
			);
			path = Network;
			sourceTree = "<group>";
		};
		753F89432A5BE4A5005B6CC3 /* Models */ = {
			isa = PBXGroup;
			children = (
				753F89442A5BE4BA005B6CC3 /* GameResponse.swift */,
				753F89462A5BE4DF005B6CC3 /* Game.swift */,
				753F89482A5BE4FB005B6CC3 /* Genre.swift */,
				753F894A2A5BE536005B6CC3 /* GameDetail.swift */,
			);
			path = Models;
			sourceTree = "<group>";
		};
		758E426A2A5DB47A004DC3D4 /* Base */ = {
			isa = PBXGroup;
			children = (
				7595FAE02A582FBA007D5BBC /* AppDelegate.swift */,
				7595FAE22A582FBA007D5BBC /* SceneDelegate.swift */,
				7595FAE42A582FBA007D5BBC /* MainViewController.swift */,
				7595FAE62A582FBA007D5BBC /* Main.storyboard */,
			);
			path = Base;
			sourceTree = "<group>";
		};
		758E426B2A5DB529004DC3D4 /* Scenes */ = {
			isa = PBXGroup;
			children = (
				758E426C2A5DB53D004DC3D4 /* GamesViewController.swift */,
				758E426E2A5DB55F004DC3D4 /* FavoritesViewController.swift */,
				758E42742A5DBD8C004DC3D4 /* GameDetailViewController.swift */,
			);
			path = Scenes;
			sourceTree = "<group>";
		};
		758E42702A5DB928004DC3D4 /* Views */ = {
			isa = PBXGroup;
			children = (
				758E42712A5DB92E004DC3D4 /* GameCellView */,
			);
			path = Views;
			sourceTree = "<group>";
		};
		758E42712A5DB92E004DC3D4 /* GameCellView */ = {
			isa = PBXGroup;
			children = (
				758E42722A5DB93B004DC3D4 /* GameCellView.swift */,
			);
			path = GameCellView;
			sourceTree = "<group>";
		};
		7595FAD42A582FBA007D5BBC = {
			isa = PBXGroup;
			children = (
				7595FADF2A582FBA007D5BBC /* RAWG */,
				7595FADE2A582FBA007D5BBC /* Products */,
				1F4F85945C84F5A09A62DAE5 /* Pods */,
				C19CB81FBA1E8E5CA7575DB5 /* Frameworks */,
			);
			sourceTree = "<group>";
		};
		7595FADE2A582FBA007D5BBC /* Products */ = {
			isa = PBXGroup;
			children = (
				7595FADD2A582FBA007D5BBC /* RAWG.app */,
			);
			name = Products;
			sourceTree = "<group>";
		};
		7595FADF2A582FBA007D5BBC /* RAWG */ = {
			isa = PBXGroup;
			children = (
				758E42702A5DB928004DC3D4 /* Views */,
				758E426B2A5DB529004DC3D4 /* Scenes */,
				758E426A2A5DB47A004DC3D4 /* Base */,
				753F89432A5BE4A5005B6CC3 /* Models */,
				753F89402A5BE452005B6CC3 /* Network */,
				7595FAE92A582FBA007D5BBC /* Assets.xcassets */,
				7595FAEB2A582FBA007D5BBC /* LaunchScreen.storyboard */,
				7595FAEE2A582FBA007D5BBC /* Info.plist */,
			);
			path = RAWG;
			sourceTree = "<group>";
		};
		C19CB81FBA1E8E5CA7575DB5 /* Frameworks */ = {
			isa = PBXGroup;
			children = (
				A18137E84D336E09676C0919 /* Pods_RAWG.framework */,
			);
			name = Frameworks;
			sourceTree = "<group>";
		};
/* End PBXGroup section */

/* Begin PBXNativeTarget section */
		7595FADC2A582FBA007D5BBC /* RAWG */ = {
			isa = PBXNativeTarget;
			buildConfigurationList = 7595FAF12A582FBA007D5BBC /* Build configuration list for PBXNativeTarget "RAWG" */;
			buildPhases = (
				9D979B8D7A7746F52EAE0F6F /* [CP] Check Pods Manifest.lock */,
				7595FAD92A582FBA007D5BBC /* Sources */,
				7595FADA2A582FBA007D5BBC /* Frameworks */,
				7595FADB2A582FBA007D5BBC /* Resources */,
				FC302C2EA364D3B1BED757DC /* [CP] Embed Pods Frameworks */,
			);
			buildRules = (
			);
			dependencies = (
			);
			name = RAWG;
			productName = RAWG;
			productReference = 7595FADD2A582FBA007D5BBC /* RAWG.app */;
			productType = "com.apple.product-type.application";
		};
/* End PBXNativeTarget section */

/* Begin PBXProject section */
		7595FAD52A582FBA007D5BBC /* Project object */ = {
			isa = PBXProject;
			attributes = {
				BuildIndependentTargetsInParallel = 1;
				LastSwiftUpdateCheck = 1420;
				LastUpgradeCheck = 1420;
				TargetAttributes = {
					7595FADC2A582FBA007D5BBC = {
						CreatedOnToolsVersion = 14.2;
					};
				};
			};
			buildConfigurationList = 7595FAD82A582FBA007D5BBC /* Build configuration list for PBXProject "RAWG" */;
			compatibilityVersion = "Xcode 14.0";
			developmentRegion = en;
			hasScannedForEncodings = 0;
			knownRegions = (
				en,
				Base,
			);
			mainGroup = 7595FAD42A582FBA007D5BBC;
			productRefGroup = 7595FADE2A582FBA007D5BBC /* Products */;
			projectDirPath = "";
			projectRoot = "";
			targets = (
				7595FADC2A582FBA007D5BBC /* RAWG */,
			);
		};
/* End PBXProject section */

/* Begin PBXResourcesBuildPhase section */
		7595FADB2A582FBA007D5BBC /* Resources */ = {
			isa = PBXResourcesBuildPhase;
			buildActionMask = 2147483647;
			files = (
				7595FAED2A582FBA007D5BBC /* LaunchScreen.storyboard in Resources */,
				7595FAEA2A582FBA007D5BBC /* Assets.xcassets in Resources */,
				7595FAE82A582FBA007D5BBC /* Main.storyboard in Resources */,
			);
			runOnlyForDeploymentPostprocessing = 0;
		};
/* End PBXResourcesBuildPhase section */

/* Begin PBXShellScriptBuildPhase section */
		9D979B8D7A7746F52EAE0F6F /* [CP] Check Pods Manifest.lock */ = {
			isa = PBXShellScriptBuildPhase;
			buildActionMask = 2147483647;
			files = (
			);
			inputFileListPaths = (
			);
			inputPaths = (
				"${PODS_PODFILE_DIR_PATH}/Podfile.lock",
				"${PODS_ROOT}/Manifest.lock",
			);
			name = "[CP] Check Pods Manifest.lock";
			outputFileListPaths = (
			);
			outputPaths = (
				"$(DERIVED_FILE_DIR)/Pods-RAWG-checkManifestLockResult.txt",
			);
			runOnlyForDeploymentPostprocessing = 0;
			shellPath = /bin/sh;
			shellScript = "diff \"${PODS_PODFILE_DIR_PATH}/Podfile.lock\" \"${PODS_ROOT}/Manifest.lock\" > /dev/null\nif [ $? != 0 ] ; then\n    # print error to STDERR\n    echo \"error: The sandbox is not in sync with the Podfile.lock. Run 'pod install' or update your CocoaPods installation.\" >&2\n    exit 1\nfi\n# This output is used by Xcode 'outputs' to avoid re-running this script phase.\necho \"SUCCESS\" > \"${SCRIPT_OUTPUT_FILE_0}\"\n";
			showEnvVarsInLog = 0;
		};
		FC302C2EA364D3B1BED757DC /* [CP] Embed Pods Frameworks */ = {
			isa = PBXShellScriptBuildPhase;
			buildActionMask = 2147483647;
			files = (
			);
			inputFileListPaths = (
				"${PODS_ROOT}/Target Support Files/Pods-RAWG/Pods-RAWG-frameworks-${CONFIGURATION}-input-files.xcfilelist",
			);
			name = "[CP] Embed Pods Frameworks";
			outputFileListPaths = (
				"${PODS_ROOT}/Target Support Files/Pods-RAWG/Pods-RAWG-frameworks-${CONFIGURATION}-output-files.xcfilelist",
			);
			runOnlyForDeploymentPostprocessing = 0;
			shellPath = /bin/sh;
			shellScript = "\"${PODS_ROOT}/Target Support Files/Pods-RAWG/Pods-RAWG-frameworks.sh\"\n";
			showEnvVarsInLog = 0;
		};
/* End PBXShellScriptBuildPhase section */

/* Begin PBXSourcesBuildPhase section */
		7595FAD92A582FBA007D5BBC /* Sources */ = {
			isa = PBXSourcesBuildPhase;
			buildActionMask = 2147483647;
			files = (
				753F894B2A5BE536005B6CC3 /* GameDetail.swift in Sources */,
				7595FAE52A582FBA007D5BBC /* MainViewController.swift in Sources */,
				753F89472A5BE4DF005B6CC3 /* Game.swift in Sources */,
				7595FAE12A582FBA007D5BBC /* AppDelegate.swift in Sources */,
				758E426D2A5DB53D004DC3D4 /* GamesViewController.swift in Sources */,
				7595FAE32A582FBA007D5BBC /* SceneDelegate.swift in Sources */,
				758E426F2A5DB55F004DC3D4 /* FavoritesViewController.swift in Sources */,
				753F89452A5BE4BA005B6CC3 /* GameResponse.swift in Sources */,
				753F89422A5BE487005B6CC3 /* GamesService.swift in Sources */,
				753F89492A5BE4FB005B6CC3 /* Genre.swift in Sources */,
				758E42732A5DB93B004DC3D4 /* GameCellView.swift in Sources */,
				758E42682A5DB0D7004DC3D4 /* GamesServiceProtocol.swift in Sources */,
				758E42752A5DBD8C004DC3D4 /* GameDetailViewController.swift in Sources */,
			);
			runOnlyForDeploymentPostprocessing = 0;
		};
/* End PBXSourcesBuildPhase section */

/* Begin PBXVariantGroup section */
		7595FAE62A582FBA007D5BBC /* Main.storyboard */ = {
			isa = PBXVariantGroup;
			children = (
				7595FAE72A582FBA007D5BBC /* Base */,
			);
			name = Main.storyboard;
			sourceTree = "<group>";
		};
		7595FAEB2A582FBA007D5BBC /* LaunchScreen.storyboard */ = {
			isa = PBXVariantGroup;
			children = (
				7595FAEC2A582FBA007D5BBC /* Base */,
			);
			name = LaunchScreen.storyboard;
			sourceTree = "<group>";
		};
/* End PBXVariantGroup section */

/* Begin XCBuildConfiguration section */
		7595FAEF2A582FBA007D5BBC /* Debug */ = {
			isa = XCBuildConfiguration;
			buildSettings = {
				ALWAYS_SEARCH_USER_PATHS = NO;
				CLANG_ANALYZER_NONNULL = YES;
				CLANG_ANALYZER_NUMBER_OBJECT_CONVERSION = YES_AGGRESSIVE;
				CLANG_CXX_LANGUAGE_STANDARD = "gnu++20";
				CLANG_ENABLE_MODULES = YES;
				CLANG_ENABLE_OBJC_ARC = YES;
				CLANG_ENABLE_OBJC_WEAK = YES;
				CLANG_WARN_BLOCK_CAPTURE_AUTORELEASING = YES;
				CLANG_WARN_BOOL_CONVERSION = YES;
				CLANG_WARN_COMMA = YES;
				CLANG_WARN_CONSTANT_CONVERSION = YES;
				CLANG_WARN_DEPRECATED_OBJC_IMPLEMENTATIONS = YES;
				CLANG_WARN_DIRECT_OBJC_ISA_USAGE = YES_ERROR;
				CLANG_WARN_DOCUMENTATION_COMMENTS = YES;
				CLANG_WARN_EMPTY_BODY = YES;
				CLANG_WARN_ENUM_CONVERSION = YES;
				CLANG_WARN_INFINITE_RECURSION = YES;
				CLANG_WARN_INT_CONVERSION = YES;
				CLANG_WARN_NON_LITERAL_NULL_CONVERSION = YES;
				CLANG_WARN_OBJC_IMPLICIT_RETAIN_SELF = YES;
				CLANG_WARN_OBJC_LITERAL_CONVERSION = YES;
				CLANG_WARN_OBJC_ROOT_CLASS = YES_ERROR;
				CLANG_WARN_QUOTED_INCLUDE_IN_FRAMEWORK_HEADER = YES;
				CLANG_WARN_RANGE_LOOP_ANALYSIS = YES;
				CLANG_WARN_STRICT_PROTOTYPES = YES;
				CLANG_WARN_SUSPICIOUS_MOVE = YES;
				CLANG_WARN_UNGUARDED_AVAILABILITY = YES_AGGRESSIVE;
				CLANG_WARN_UNREACHABLE_CODE = YES;
				CLANG_WARN__DUPLICATE_METHOD_MATCH = YES;
				COPY_PHASE_STRIP = NO;
				DEBUG_INFORMATION_FORMAT = dwarf;
				ENABLE_STRICT_OBJC_MSGSEND = YES;
				ENABLE_TESTABILITY = YES;
				GCC_C_LANGUAGE_STANDARD = gnu11;
				GCC_DYNAMIC_NO_PIC = NO;
				GCC_NO_COMMON_BLOCKS = YES;
				GCC_OPTIMIZATION_LEVEL = 0;
				GCC_PREPROCESSOR_DEFINITIONS = (
					"DEBUG=1",
					"$(inherited)",
				);
				GCC_WARN_64_TO_32_BIT_CONVERSION = YES;
				GCC_WARN_ABOUT_RETURN_TYPE = YES_ERROR;
				GCC_WARN_UNDECLARED_SELECTOR = YES;
				GCC_WARN_UNINITIALIZED_AUTOS = YES_AGGRESSIVE;
				GCC_WARN_UNUSED_FUNCTION = YES;
				GCC_WARN_UNUSED_VARIABLE = YES;
				IPHONEOS_DEPLOYMENT_TARGET = 16.2;
				MTL_ENABLE_DEBUG_INFO = INCLUDE_SOURCE;
				MTL_FAST_MATH = YES;
				ONLY_ACTIVE_ARCH = YES;
				SDKROOT = iphoneos;
				SWIFT_ACTIVE_COMPILATION_CONDITIONS = DEBUG;
				SWIFT_OPTIMIZATION_LEVEL = "-Onone";
			};
			name = Debug;
		};
		7595FAF02A582FBA007D5BBC /* Release */ = {
			isa = XCBuildConfiguration;
			buildSettings = {
				ALWAYS_SEARCH_USER_PATHS = NO;
				CLANG_ANALYZER_NONNULL = YES;
				CLANG_ANALYZER_NUMBER_OBJECT_CONVERSION = YES_AGGRESSIVE;
				CLANG_CXX_LANGUAGE_STANDARD = "gnu++20";
				CLANG_ENABLE_MODULES = YES;
				CLANG_ENABLE_OBJC_ARC = YES;
				CLANG_ENABLE_OBJC_WEAK = YES;
				CLANG_WARN_BLOCK_CAPTURE_AUTORELEASING = YES;
				CLANG_WARN_BOOL_CONVERSION = YES;
				CLANG_WARN_COMMA = YES;
				CLANG_WARN_CONSTANT_CONVERSION = YES;
				CLANG_WARN_DEPRECATED_OBJC_IMPLEMENTATIONS = YES;
				CLANG_WARN_DIRECT_OBJC_ISA_USAGE = YES_ERROR;
				CLANG_WARN_DOCUMENTATION_COMMENTS = YES;
				CLANG_WARN_EMPTY_BODY = YES;
				CLANG_WARN_ENUM_CONVERSION = YES;
				CLANG_WARN_INFINITE_RECURSION = YES;
				CLANG_WARN_INT_CONVERSION = YES;
				CLANG_WARN_NON_LITERAL_NULL_CONVERSION = YES;
				CLANG_WARN_OBJC_IMPLICIT_RETAIN_SELF = YES;
				CLANG_WARN_OBJC_LITERAL_CONVERSION = YES;
				CLANG_WARN_OBJC_ROOT_CLASS = YES_ERROR;
				CLANG_WARN_QUOTED_INCLUDE_IN_FRAMEWORK_HEADER = YES;
				CLANG_WARN_RANGE_LOOP_ANALYSIS = YES;
				CLANG_WARN_STRICT_PROTOTYPES = YES;
				CLANG_WARN_SUSPICIOUS_MOVE = YES;
				CLANG_WARN_UNGUARDED_AVAILABILITY = YES_AGGRESSIVE;
				CLANG_WARN_UNREACHABLE_CODE = YES;
				CLANG_WARN__DUPLICATE_METHOD_MATCH = YES;
				COPY_PHASE_STRIP = NO;
				DEBUG_INFORMATION_FORMAT = "dwarf-with-dsym";
				ENABLE_NS_ASSERTIONS = NO;
				ENABLE_STRICT_OBJC_MSGSEND = YES;
				GCC_C_LANGUAGE_STANDARD = gnu11;
				GCC_NO_COMMON_BLOCKS = YES;
				GCC_WARN_64_TO_32_BIT_CONVERSION = YES;
				GCC_WARN_ABOUT_RETURN_TYPE = YES_ERROR;
				GCC_WARN_UNDECLARED_SELECTOR = YES;
				GCC_WARN_UNINITIALIZED_AUTOS = YES_AGGRESSIVE;
				GCC_WARN_UNUSED_FUNCTION = YES;
				GCC_WARN_UNUSED_VARIABLE = YES;
				IPHONEOS_DEPLOYMENT_TARGET = 16.2;
				MTL_ENABLE_DEBUG_INFO = NO;
				MTL_FAST_MATH = YES;
				SDKROOT = iphoneos;
				SWIFT_COMPILATION_MODE = wholemodule;
				SWIFT_OPTIMIZATION_LEVEL = "-O";
				VALIDATE_PRODUCT = YES;
			};
			name = Release;
		};
		7595FAF22A582FBA007D5BBC /* Debug */ = {
			isa = XCBuildConfiguration;
			baseConfigurationReference = 7C2AC6C3AFD695DD8588D461 /* Pods-RAWG.debug.xcconfig */;
			buildSettings = {
				ASSETCATALOG_COMPILER_APPICON_NAME = AppIcon;
				ASSETCATALOG_COMPILER_GLOBAL_ACCENT_COLOR_NAME = AccentColor;
				CODE_SIGN_STYLE = Automatic;
				CURRENT_PROJECT_VERSION = 1;
				GENERATE_INFOPLIST_FILE = YES;
				INFOPLIST_FILE = RAWG/Info.plist;
				INFOPLIST_KEY_UIApplicationSupportsIndirectInputEvents = YES;
				INFOPLIST_KEY_UILaunchStoryboardName = LaunchScreen;
				INFOPLIST_KEY_UIMainStoryboardFile = Main;
				INFOPLIST_KEY_UISupportedInterfaceOrientations_iPad = "UIInterfaceOrientationPortrait UIInterfaceOrientationPortraitUpsideDown UIInterfaceOrientationLandscapeLeft UIInterfaceOrientationLandscapeRight";
				INFOPLIST_KEY_UISupportedInterfaceOrientations_iPhone = "UIInterfaceOrientationPortrait UIInterfaceOrientationLandscapeLeft UIInterfaceOrientationLandscapeRight";
				LD_RUNPATH_SEARCH_PATHS = (
					"$(inherited)",
					"@executable_path/Frameworks",
				);
				MARKETING_VERSION = 1.0;
				PRODUCT_BUNDLE_IDENTIFIER = co.burhanemirkeles.RAWG;
				PRODUCT_NAME = "$(TARGET_NAME)";
				SWIFT_EMIT_LOC_STRINGS = YES;
				SWIFT_VERSION = 5.0;
				TARGETED_DEVICE_FAMILY = "1,2";
			};
			name = Debug;
		};
		7595FAF32A582FBA007D5BBC /* Release */ = {
			isa = XCBuildConfiguration;
			baseConfigurationReference = E92761DBFAB862E5DF4D8962 /* Pods-RAWG.release.xcconfig */;
			buildSettings = {
				ASSETCATALOG_COMPILER_APPICON_NAME = AppIcon;
				ASSETCATALOG_COMPILER_GLOBAL_ACCENT_COLOR_NAME = AccentColor;
				CODE_SIGN_STYLE = Automatic;
				CURRENT_PROJECT_VERSION = 1;
				GENERATE_INFOPLIST_FILE = YES;
				INFOPLIST_FILE = RAWG/Info.plist;
				INFOPLIST_KEY_UIApplicationSupportsIndirectInputEvents = YES;
				INFOPLIST_KEY_UILaunchStoryboardName = LaunchScreen;
				INFOPLIST_KEY_UIMainStoryboardFile = Main;
				INFOPLIST_KEY_UISupportedInterfaceOrientations_iPad = "UIInterfaceOrientationPortrait UIInterfaceOrientationPortraitUpsideDown UIInterfaceOrientationLandscapeLeft UIInterfaceOrientationLandscapeRight";
				INFOPLIST_KEY_UISupportedInterfaceOrientations_iPhone = "UIInterfaceOrientationPortrait UIInterfaceOrientationLandscapeLeft UIInterfaceOrientationLandscapeRight";
				LD_RUNPATH_SEARCH_PATHS = (
					"$(inherited)",
					"@executable_path/Frameworks",
				);
				MARKETING_VERSION = 1.0;
				PRODUCT_BUNDLE_IDENTIFIER = co.burhanemirkeles.RAWG;
				PRODUCT_NAME = "$(TARGET_NAME)";
				SWIFT_EMIT_LOC_STRINGS = YES;
				SWIFT_VERSION = 5.0;
				TARGETED_DEVICE_FAMILY = "1,2";
			};
			name = Release;
		};
/* End XCBuildConfiguration section */

/* Begin XCConfigurationList section */
		7595FAD82A582FBA007D5BBC /* Build configuration list for PBXProject "RAWG" */ = {
			isa = XCConfigurationList;
			buildConfigurations = (
				7595FAEF2A582FBA007D5BBC /* Debug */,
				7595FAF02A582FBA007D5BBC /* Release */,
			);
			defaultConfigurationIsVisible = 0;
			defaultConfigurationName = Release;
		};
		7595FAF12A582FBA007D5BBC /* Build configuration list for PBXNativeTarget "RAWG" */ = {
			isa = XCConfigurationList;
			buildConfigurations = (
				7595FAF22A582FBA007D5BBC /* Debug */,
				7595FAF32A582FBA007D5BBC /* Release */,
			);
			defaultConfigurationIsVisible = 0;
			defaultConfigurationName = Release;
		};
/* End XCConfigurationList section */
	};
	rootObject = 7595FAD52A582FBA007D5BBC /* Project object */;
}
